
Microsoft Visual Studio Solution File, Format Version 12.00
# Visual Studio Version 16
VisualStudioVersion = 16.0.30320.27
MinimumVisualStudioVersion = 10.0.40219.1
Project("{FAE04EC0-301F-11D3-BF4B-00C04F79EFBC}") = "TicketHelper", "TicketHelper\TicketHelper.csproj", "{50281CBF-15B2-4743-99B7-6BF668F67763}"
EndProject
Global
	GlobalSection(SolutionConfigurationPlatforms) = preSolution
		Debug|Any CPU = Debug|Any CPU
		Release|Any CPU = Release|Any CPU
	EndGlobalSection
	GlobalSection(ProjectConfigurationPlatforms) = postSolution
		{50281CBF-15B2-4743-99B7-6BF668F67763}.Debug|Any CPU.ActiveCfg = Debug|Any CPU
		{50281CBF-15B2-4743-99B7-6BF668F67763}.Debug|Any CPU.Build.0 = Debug|Any CPU
		{50281CBF-15B2-4743-99B7-6BF668F67763}.Release|Any CPU.ActiveCfg = Release|Any CPU
		{50281CBF-15B2-4743-99B7-6BF668F67763}.Release|Any CPU.Build.0 = Release|Any CPU
	EndGlobalSection
	GlobalSection(SolutionProperties) = preSolution
		HideSolutionNode = FALSE
	EndGlobalSection
	GlobalSection(ExtensibilityGlobals) = postSolution
		SolutionGuid = {E43BE076-3305-4C52-A314-AFF0B9E90C93}
	EndGlobalSection
EndGlobal
